
Microsoft Visual Studio Solution File, Format Version 12.00
# Visual Studio 2012
Project("{FAE04EC0-301F-11D3-BF4B-00C04F79EFBC}") = "Crystalbyte.Paranoia", "Crystalbyte.Paranoia\Crystalbyte.Paranoia.csproj", "{A0762E18-FAC3-4624-8B65-9D1AF8E4F366}"
EndProject
Project("{FAE04EC0-301F-11D3-BF4B-00C04F79EFBC}") = "Crystalbyte.Paranoia.Cryptography", "Crystalbyte.Paranoia.Cryptography\Crystalbyte.Paranoia.Cryptography.csproj", "{FC115AED-C02E-45A6-80EB-711A1CCF14E3}"
EndProject
Project("{FAE04EC0-301F-11D3-BF4B-00C04F79EFBC}") = "Crystalbyte.Paranoia.Messaging", "Crystalbyte.Paranoia.Messaging\Crystalbyte.Paranoia.Messaging.csproj", "{0DC46336-8D08-4C35-8F65-1D1CF2FD0E11}"
EndProject
Project("{FAE04EC0-301F-11D3-BF4B-00C04F79EFBC}") = "Crystalbyte.Paranoia.Cryptography.Tests", "Crystalbyte.Paranoia.Cryptography.Tests\Crystalbyte.Paranoia.Cryptography.Tests.csproj", "{66E07860-ACA4-494D-9C6B-759FDEAB12DE}"
EndProject
Project("{FAE04EC0-301F-11D3-BF4B-00C04F79EFBC}") = "Crystalbyte.Paranoia.Html", "Crystalbyte.Paranoia.Html\Crystalbyte.Paranoia.Html.csproj", "{0EA10966-3E3F-4035-B4B4-2CA87D9DEF5F}"
EndProject
Global
	GlobalSection(SolutionConfigurationPlatforms) = preSolution
		Debug|Any CPU = Debug|Any CPU
		MailSystem Dev|Any CPU = MailSystem Dev|Any CPU
		Release|Any CPU = Release|Any CPU
		Retail|Any CPU = Retail|Any CPU
		Trial|Any CPU = Trial|Any CPU
	EndGlobalSection
	GlobalSection(ProjectConfigurationPlatforms) = postSolution
		{A0762E18-FAC3-4624-8B65-9D1AF8E4F366}.Debug|Any CPU.ActiveCfg = Debug|Any CPU
		{A0762E18-FAC3-4624-8B65-9D1AF8E4F366}.Debug|Any CPU.Build.0 = Debug|Any CPU
		{A0762E18-FAC3-4624-8B65-9D1AF8E4F366}.MailSystem Dev|Any CPU.ActiveCfg = Release|Any CPU
		{A0762E18-FAC3-4624-8B65-9D1AF8E4F366}.MailSystem Dev|Any CPU.Build.0 = Release|Any CPU
		{A0762E18-FAC3-4624-8B65-9D1AF8E4F366}.Release|Any CPU.ActiveCfg = Release|Any CPU
		{A0762E18-FAC3-4624-8B65-9D1AF8E4F366}.Release|Any CPU.Build.0 = Release|Any CPU
		{A0762E18-FAC3-4624-8B65-9D1AF8E4F366}.Retail|Any CPU.ActiveCfg = Release|Any CPU
		{A0762E18-FAC3-4624-8B65-9D1AF8E4F366}.Retail|Any CPU.Build.0 = Release|Any CPU
		{A0762E18-FAC3-4624-8B65-9D1AF8E4F366}.Trial|Any CPU.ActiveCfg = Release|Any CPU
		{A0762E18-FAC3-4624-8B65-9D1AF8E4F366}.Trial|Any CPU.Build.0 = Release|Any CPU
		{FC115AED-C02E-45A6-80EB-711A1CCF14E3}.Debug|Any CPU.ActiveCfg = Debug|Any CPU
		{FC115AED-C02E-45A6-80EB-711A1CCF14E3}.Debug|Any CPU.Build.0 = Debug|Any CPU
		{FC115AED-C02E-45A6-80EB-711A1CCF14E3}.MailSystem Dev|Any CPU.ActiveCfg = Release|Any CPU
		{FC115AED-C02E-45A6-80EB-711A1CCF14E3}.MailSystem Dev|Any CPU.Build.0 = Release|Any CPU
		{FC115AED-C02E-45A6-80EB-711A1CCF14E3}.Release|Any CPU.ActiveCfg = Release|Any CPU
		{FC115AED-C02E-45A6-80EB-711A1CCF14E3}.Release|Any CPU.Build.0 = Release|Any CPU
		{FC115AED-C02E-45A6-80EB-711A1CCF14E3}.Retail|Any CPU.ActiveCfg = Release|Any CPU
		{FC115AED-C02E-45A6-80EB-711A1CCF14E3}.Retail|Any CPU.Build.0 = Release|Any CPU
		{FC115AED-C02E-45A6-80EB-711A1CCF14E3}.Trial|Any CPU.ActiveCfg = Release|Any CPU
		{FC115AED-C02E-45A6-80EB-711A1CCF14E3}.Trial|Any CPU.Build.0 = Release|Any CPU
		{0DC46336-8D08-4C35-8F65-1D1CF2FD0E11}.Debug|Any CPU.ActiveCfg = Debug|Any CPU
		{0DC46336-8D08-4C35-8F65-1D1CF2FD0E11}.Debug|Any CPU.Build.0 = Debug|Any CPU
		{0DC46336-8D08-4C35-8F65-1D1CF2FD0E11}.MailSystem Dev|Any CPU.ActiveCfg = Release|Any CPU
		{0DC46336-8D08-4C35-8F65-1D1CF2FD0E11}.MailSystem Dev|Any CPU.Build.0 = Release|Any CPU
		{0DC46336-8D08-4C35-8F65-1D1CF2FD0E11}.Release|Any CPU.ActiveCfg = Release|Any CPU
		{0DC46336-8D08-4C35-8F65-1D1CF2FD0E11}.Release|Any CPU.Build.0 = Release|Any CPU
		{0DC46336-8D08-4C35-8F65-1D1CF2FD0E11}.Retail|Any CPU.ActiveCfg = Release|Any CPU
		{0DC46336-8D08-4C35-8F65-1D1CF2FD0E11}.Retail|Any CPU.Build.0 = Release|Any CPU
		{0DC46336-8D08-4C35-8F65-1D1CF2FD0E11}.Trial|Any CPU.ActiveCfg = Release|Any CPU
		{0DC46336-8D08-4C35-8F65-1D1CF2FD0E11}.Trial|Any CPU.Build.0 = Release|Any CPU
		{66E07860-ACA4-494D-9C6B-759FDEAB12DE}.Debug|Any CPU.ActiveCfg = Debug|Any CPU
		{66E07860-ACA4-494D-9C6B-759FDEAB12DE}.Debug|Any CPU.Build.0 = Debug|Any CPU
		{66E07860-ACA4-494D-9C6B-759FDEAB12DE}.MailSystem Dev|Any CPU.ActiveCfg = Release|Any CPU
		{66E07860-ACA4-494D-9C6B-759FDEAB12DE}.MailSystem Dev|Any CPU.Build.0 = Release|Any CPU
		{66E07860-ACA4-494D-9C6B-759FDEAB12DE}.Release|Any CPU.ActiveCfg = Release|Any CPU
		{66E07860-ACA4-494D-9C6B-759FDEAB12DE}.Release|Any CPU.Build.0 = Release|Any CPU
		{66E07860-ACA4-494D-9C6B-759FDEAB12DE}.Retail|Any CPU.ActiveCfg = Release|Any CPU
		{66E07860-ACA4-494D-9C6B-759FDEAB12DE}.Retail|Any CPU.Build.0 = Release|Any CPU
		{66E07860-ACA4-494D-9C6B-759FDEAB12DE}.Trial|Any CPU.ActiveCfg = Release|Any CPU
		{66E07860-ACA4-494D-9C6B-759FDEAB12DE}.Trial|Any CPU.Build.0 = Release|Any CPU
		{0EA10966-3E3F-4035-B4B4-2CA87D9DEF5F}.Debug|Any CPU.ActiveCfg = Debug|Any CPU
		{0EA10966-3E3F-4035-B4B4-2CA87D9DEF5F}.Debug|Any CPU.Build.0 = Debug|Any CPU
		{0EA10966-3E3F-4035-B4B4-2CA87D9DEF5F}.MailSystem Dev|Any CPU.ActiveCfg = Release|Any CPU
		{0EA10966-3E3F-4035-B4B4-2CA87D9DEF5F}.MailSystem Dev|Any CPU.Build.0 = Release|Any CPU
		{0EA10966-3E3F-4035-B4B4-2CA87D9DEF5F}.Release|Any CPU.ActiveCfg = Release|Any CPU
		{0EA10966-3E3F-4035-B4B4-2CA87D9DEF5F}.Release|Any CPU.Build.0 = Release|Any CPU
		{0EA10966-3E3F-4035-B4B4-2CA87D9DEF5F}.Retail|Any CPU.ActiveCfg = Release|Any CPU
		{0EA10966-3E3F-4035-B4B4-2CA87D9DEF5F}.Retail|Any CPU.Build.0 = Release|Any CPU
		{0EA10966-3E3F-4035-B4B4-2CA87D9DEF5F}.Trial|Any CPU.ActiveCfg = Release|Any CPU
		{0EA10966-3E3F-4035-B4B4-2CA87D9DEF5F}.Trial|Any CPU.Build.0 = Release|Any CPU
	EndGlobalSection
	GlobalSection(SolutionProperties) = preSolution
		HideSolutionNode = FALSE
	EndGlobalSection
	GlobalSection(Performance) = preSolution
		HasPerformanceSessions = true
	EndGlobalSection
EndGlobal
