
Microsoft Visual Studio Solution File, Format Version 12.00
# Visual Studio 2013
VisualStudioVersion = 12.0.21005.1
MinimumVisualStudioVersion = 10.0.40219.1
Project("{FAE04EC0-301F-11D3-BF4B-00C04F79EFBC}") = "Crystalbyte.Paranoia", "Crystalbyte.Paranoia\Crystalbyte.Paranoia.csproj", "{A0762E18-FAC3-4624-8B65-9D1AF8E4F366}"
EndProject
Project("{FAE04EC0-301F-11D3-BF4B-00C04F79EFBC}") = "Crystalbyte.Paranoia.Cryptography", "Crystalbyte.Paranoia.Cryptography\Crystalbyte.Paranoia.Cryptography.csproj", "{FC115AED-C02E-45A6-80EB-711A1CCF14E3}"
EndProject
Project("{2150E333-8FDC-42A3-9474-1A3956D46DE8}") = "Solution Items", "Solution Items", "{8690125E-AC10-4513-9A4F-75CD92CC29F0}"
	ProjectSection(SolutionItems) = preProject
		Crystalbyte.Paranoia.vsmdi = Crystalbyte.Paranoia.vsmdi
	EndProjectSection
EndProject
Project("{2150E333-8FDC-42A3-9474-1A3956D46DE8}") = "(tests)", "(tests)", "{8DEACA7E-BA38-4B1E-A2A7-D5A0A3E0577F}"
EndProject
Project("{FAE04EC0-301F-11D3-BF4B-00C04F79EFBC}") = "Crystalbyte.Paranoia.Cryptography.Tests", "Crystalbyte.Paranoia.Cryptography.Tests\Crystalbyte.Paranoia.Cryptography.Tests.csproj", "{66E07860-ACA4-494D-9C6B-759FDEAB12DE}"
EndProject
Project("{FAE04EC0-301F-11D3-BF4B-00C04F79EFBC}") = "Crystalbyte.Paranoia.Mail.Tests", "Crystalbyte.Paranoia.Mail.Tests\Crystalbyte.Paranoia.Mail.Tests.csproj", "{22E6957C-9D6C-4CF1-B4CF-E296685EE645}"
EndProject
Project("{FAE04EC0-301F-11D3-BF4B-00C04F79EFBC}") = "Crystalbyte.Paranoia.Mail", "Crystalbyte.Paranoia.Mail\Crystalbyte.Paranoia.Mail.csproj", "{0DC46336-8D08-4C35-8F65-1D1CF2FD0E11}"
EndProject
Project("{FAE04EC0-301F-11D3-BF4B-00C04F79EFBC}") = "Crystalbyte.Paranoia.Tests", "Crystalbyte.Paranoia.Tests\Crystalbyte.Paranoia.Tests.csproj", "{1C2AAAD6-95EB-4DF4-BAA2-3384CB334DC8}"
EndProject
Project("{FAE04EC0-301F-11D3-BF4B-00C04F79EFBC}") = "CKEditorDotNet", "CKEditorDotNet\CKEditorDotNet.csproj", "{4F577E4D-6892-4B0B-BF59-87B43F60708B}"
EndProject
Global
	GlobalSection(SolutionConfigurationPlatforms) = preSolution
		Debug|Any CPU = Debug|Any CPU
		MailSystem Dev|Any CPU = MailSystem Dev|Any CPU
		Release|Any CPU = Release|Any CPU
		Retail|Any CPU = Retail|Any CPU
		Trial|Any CPU = Trial|Any CPU
	EndGlobalSection
	GlobalSection(ProjectConfigurationPlatforms) = postSolution
		{A0762E18-FAC3-4624-8B65-9D1AF8E4F366}.Debug|Any CPU.ActiveCfg = Debug|Any CPU
		{A0762E18-FAC3-4624-8B65-9D1AF8E4F366}.Debug|Any CPU.Build.0 = Debug|Any CPU
		{A0762E18-FAC3-4624-8B65-9D1AF8E4F366}.MailSystem Dev|Any CPU.ActiveCfg = Release|Any CPU
		{A0762E18-FAC3-4624-8B65-9D1AF8E4F366}.MailSystem Dev|Any CPU.Build.0 = Release|Any CPU
		{A0762E18-FAC3-4624-8B65-9D1AF8E4F366}.Release|Any CPU.ActiveCfg = Release|Any CPU
		{A0762E18-FAC3-4624-8B65-9D1AF8E4F366}.Release|Any CPU.Build.0 = Release|Any CPU
		{A0762E18-FAC3-4624-8B65-9D1AF8E4F366}.Retail|Any CPU.ActiveCfg = Release|Any CPU
		{A0762E18-FAC3-4624-8B65-9D1AF8E4F366}.Retail|Any CPU.Build.0 = Release|Any CPU
		{A0762E18-FAC3-4624-8B65-9D1AF8E4F366}.Trial|Any CPU.ActiveCfg = Release|Any CPU
		{A0762E18-FAC3-4624-8B65-9D1AF8E4F366}.Trial|Any CPU.Build.0 = Release|Any CPU
		{FC115AED-C02E-45A6-80EB-711A1CCF14E3}.Debug|Any CPU.ActiveCfg = Debug|Any CPU
		{FC115AED-C02E-45A6-80EB-711A1CCF14E3}.Debug|Any CPU.Build.0 = Debug|Any CPU
		{FC115AED-C02E-45A6-80EB-711A1CCF14E3}.MailSystem Dev|Any CPU.ActiveCfg = Release|Any CPU
		{FC115AED-C02E-45A6-80EB-711A1CCF14E3}.MailSystem Dev|Any CPU.Build.0 = Release|Any CPU
		{FC115AED-C02E-45A6-80EB-711A1CCF14E3}.Release|Any CPU.ActiveCfg = Release|Any CPU
		{FC115AED-C02E-45A6-80EB-711A1CCF14E3}.Release|Any CPU.Build.0 = Release|Any CPU
		{FC115AED-C02E-45A6-80EB-711A1CCF14E3}.Retail|Any CPU.ActiveCfg = Release|Any CPU
		{FC115AED-C02E-45A6-80EB-711A1CCF14E3}.Retail|Any CPU.Build.0 = Release|Any CPU
		{FC115AED-C02E-45A6-80EB-711A1CCF14E3}.Trial|Any CPU.ActiveCfg = Release|Any CPU
		{FC115AED-C02E-45A6-80EB-711A1CCF14E3}.Trial|Any CPU.Build.0 = Release|Any CPU
		{66E07860-ACA4-494D-9C6B-759FDEAB12DE}.Debug|Any CPU.ActiveCfg = Debug|Any CPU
		{66E07860-ACA4-494D-9C6B-759FDEAB12DE}.Debug|Any CPU.Build.0 = Debug|Any CPU
		{66E07860-ACA4-494D-9C6B-759FDEAB12DE}.MailSystem Dev|Any CPU.ActiveCfg = Release|Any CPU
		{66E07860-ACA4-494D-9C6B-759FDEAB12DE}.MailSystem Dev|Any CPU.Build.0 = Release|Any CPU
		{66E07860-ACA4-494D-9C6B-759FDEAB12DE}.Release|Any CPU.ActiveCfg = Release|Any CPU
		{66E07860-ACA4-494D-9C6B-759FDEAB12DE}.Release|Any CPU.Build.0 = Release|Any CPU
		{66E07860-ACA4-494D-9C6B-759FDEAB12DE}.Retail|Any CPU.ActiveCfg = Release|Any CPU
		{66E07860-ACA4-494D-9C6B-759FDEAB12DE}.Retail|Any CPU.Build.0 = Release|Any CPU
		{66E07860-ACA4-494D-9C6B-759FDEAB12DE}.Trial|Any CPU.ActiveCfg = Release|Any CPU
		{66E07860-ACA4-494D-9C6B-759FDEAB12DE}.Trial|Any CPU.Build.0 = Release|Any CPU
		{22E6957C-9D6C-4CF1-B4CF-E296685EE645}.Debug|Any CPU.ActiveCfg = Debug|Any CPU
		{22E6957C-9D6C-4CF1-B4CF-E296685EE645}.Debug|Any CPU.Build.0 = Debug|Any CPU
		{22E6957C-9D6C-4CF1-B4CF-E296685EE645}.MailSystem Dev|Any CPU.ActiveCfg = Release|Any CPU
		{22E6957C-9D6C-4CF1-B4CF-E296685EE645}.MailSystem Dev|Any CPU.Build.0 = Release|Any CPU
		{22E6957C-9D6C-4CF1-B4CF-E296685EE645}.Release|Any CPU.ActiveCfg = Release|Any CPU
		{22E6957C-9D6C-4CF1-B4CF-E296685EE645}.Release|Any CPU.Build.0 = Release|Any CPU
		{22E6957C-9D6C-4CF1-B4CF-E296685EE645}.Retail|Any CPU.ActiveCfg = Release|Any CPU
		{22E6957C-9D6C-4CF1-B4CF-E296685EE645}.Retail|Any CPU.Build.0 = Release|Any CPU
		{22E6957C-9D6C-4CF1-B4CF-E296685EE645}.Trial|Any CPU.ActiveCfg = Release|Any CPU
		{22E6957C-9D6C-4CF1-B4CF-E296685EE645}.Trial|Any CPU.Build.0 = Release|Any CPU
		{0DC46336-8D08-4C35-8F65-1D1CF2FD0E11}.Debug|Any CPU.ActiveCfg = Debug|Any CPU
		{0DC46336-8D08-4C35-8F65-1D1CF2FD0E11}.Debug|Any CPU.Build.0 = Debug|Any CPU
		{0DC46336-8D08-4C35-8F65-1D1CF2FD0E11}.MailSystem Dev|Any CPU.ActiveCfg = Release|Any CPU
		{0DC46336-8D08-4C35-8F65-1D1CF2FD0E11}.MailSystem Dev|Any CPU.Build.0 = Release|Any CPU
		{0DC46336-8D08-4C35-8F65-1D1CF2FD0E11}.Release|Any CPU.ActiveCfg = Release|Any CPU
		{0DC46336-8D08-4C35-8F65-1D1CF2FD0E11}.Release|Any CPU.Build.0 = Release|Any CPU
		{0DC46336-8D08-4C35-8F65-1D1CF2FD0E11}.Retail|Any CPU.ActiveCfg = Release|Any CPU
		{0DC46336-8D08-4C35-8F65-1D1CF2FD0E11}.Retail|Any CPU.Build.0 = Release|Any CPU
		{0DC46336-8D08-4C35-8F65-1D1CF2FD0E11}.Trial|Any CPU.ActiveCfg = Release|Any CPU
		{0DC46336-8D08-4C35-8F65-1D1CF2FD0E11}.Trial|Any CPU.Build.0 = Release|Any CPU
		{1C2AAAD6-95EB-4DF4-BAA2-3384CB334DC8}.Debug|Any CPU.ActiveCfg = Debug|Any CPU
		{1C2AAAD6-95EB-4DF4-BAA2-3384CB334DC8}.Debug|Any CPU.Build.0 = Debug|Any CPU
		{1C2AAAD6-95EB-4DF4-BAA2-3384CB334DC8}.MailSystem Dev|Any CPU.ActiveCfg = Release|Any CPU
		{1C2AAAD6-95EB-4DF4-BAA2-3384CB334DC8}.MailSystem Dev|Any CPU.Build.0 = Release|Any CPU
		{1C2AAAD6-95EB-4DF4-BAA2-3384CB334DC8}.Release|Any CPU.ActiveCfg = Release|Any CPU
		{1C2AAAD6-95EB-4DF4-BAA2-3384CB334DC8}.Release|Any CPU.Build.0 = Release|Any CPU
		{1C2AAAD6-95EB-4DF4-BAA2-3384CB334DC8}.Retail|Any CPU.ActiveCfg = Release|Any CPU
		{1C2AAAD6-95EB-4DF4-BAA2-3384CB334DC8}.Retail|Any CPU.Build.0 = Release|Any CPU
		{1C2AAAD6-95EB-4DF4-BAA2-3384CB334DC8}.Trial|Any CPU.ActiveCfg = Release|Any CPU
		{1C2AAAD6-95EB-4DF4-BAA2-3384CB334DC8}.Trial|Any CPU.Build.0 = Release|Any CPU
		{4F577E4D-6892-4B0B-BF59-87B43F60708B}.Debug|Any CPU.ActiveCfg = Debug|Any CPU
		{4F577E4D-6892-4B0B-BF59-87B43F60708B}.Debug|Any CPU.Build.0 = Debug|Any CPU
		{4F577E4D-6892-4B0B-BF59-87B43F60708B}.MailSystem Dev|Any CPU.ActiveCfg = Release|Any CPU
		{4F577E4D-6892-4B0B-BF59-87B43F60708B}.MailSystem Dev|Any CPU.Build.0 = Release|Any CPU
		{4F577E4D-6892-4B0B-BF59-87B43F60708B}.Release|Any CPU.ActiveCfg = Release|Any CPU
		{4F577E4D-6892-4B0B-BF59-87B43F60708B}.Release|Any CPU.Build.0 = Release|Any CPU
		{4F577E4D-6892-4B0B-BF59-87B43F60708B}.Retail|Any CPU.ActiveCfg = Release|Any CPU
		{4F577E4D-6892-4B0B-BF59-87B43F60708B}.Retail|Any CPU.Build.0 = Release|Any CPU
		{4F577E4D-6892-4B0B-BF59-87B43F60708B}.Trial|Any CPU.ActiveCfg = Release|Any CPU
		{4F577E4D-6892-4B0B-BF59-87B43F60708B}.Trial|Any CPU.Build.0 = Release|Any CPU
	EndGlobalSection
	GlobalSection(SolutionProperties) = preSolution
		HideSolutionNode = FALSE
	EndGlobalSection
	GlobalSection(NestedProjects) = preSolution
		{66E07860-ACA4-494D-9C6B-759FDEAB12DE} = {8DEACA7E-BA38-4B1E-A2A7-D5A0A3E0577F}
		{22E6957C-9D6C-4CF1-B4CF-E296685EE645} = {8DEACA7E-BA38-4B1E-A2A7-D5A0A3E0577F}
		{1C2AAAD6-95EB-4DF4-BAA2-3384CB334DC8} = {8DEACA7E-BA38-4B1E-A2A7-D5A0A3E0577F}
	EndGlobalSection
	GlobalSection(TestCaseManagementSettings) = postSolution
		CategoryFile = Crystalbyte.Paranoia.vsmdi
	EndGlobalSection
EndGlobal
